
Microsoft Visual Studio Solution File, Format Version 12.00
# Visual Studio Version 17
VisualStudioVersion = 17.1.32414.318
MinimumVisualStudioVersion = 10.0.40219.1
Project("{FAE04EC0-301F-11D3-BF4B-00C04F79EFBC}") = "AliceCli", "AliceCli\AliceCli.csproj", "{670C4166-8EF0-4F8E-8E54-311C49389778}"
EndProject
Project("{FAE04EC0-301F-11D3-BF4B-00C04F79EFBC}") = "Alice.Base", "Alice.Base\Alice.Base.csproj", "{1019BC53-4DCF-4C00-9C39-54F56992E8A1}"
EndProject
Project("{FAE04EC0-301F-11D3-BF4B-00C04F79EFBC}") = "Alice", "Alice\Alice.csproj", "{C27334D3-CEE3-4886-94ED-2C8C1F2F7CBE}"
EndProject
Project("{2150E333-8FDC-42A3-9474-1A3956D46DE8}") = "Alice.Component", "Alice.Component", "{0C345437-4369-4E0C-8303-9069510515E3}"
EndProject
Project("{FAE04EC0-301F-11D3-BF4B-00C04F79EFBC}") = "Alice.Component.Time", "Alice.Component.Time\Alice.Component.Time.csproj", "{FF12FC3D-B020-46C6-90DD-BF9020F5F828}"
EndProject
Global
	GlobalSection(SolutionConfigurationPlatforms) = preSolution
		Debug|Any CPU = Debug|Any CPU
		Release|Any CPU = Release|Any CPU
	EndGlobalSection
	GlobalSection(ProjectConfigurationPlatforms) = postSolution
		{670C4166-8EF0-4F8E-8E54-311C49389778}.Debug|Any CPU.ActiveCfg = Debug|Any CPU
		{670C4166-8EF0-4F8E-8E54-311C49389778}.Debug|Any CPU.Build.0 = Debug|Any CPU
		{670C4166-8EF0-4F8E-8E54-311C49389778}.Release|Any CPU.ActiveCfg = Release|Any CPU
		{670C4166-8EF0-4F8E-8E54-311C49389778}.Release|Any CPU.Build.0 = Release|Any CPU
		{1019BC53-4DCF-4C00-9C39-54F56992E8A1}.Debug|Any CPU.ActiveCfg = Debug|Any CPU
		{1019BC53-4DCF-4C00-9C39-54F56992E8A1}.Debug|Any CPU.Build.0 = Debug|Any CPU
		{1019BC53-4DCF-4C00-9C39-54F56992E8A1}.Release|Any CPU.ActiveCfg = Release|Any CPU
		{1019BC53-4DCF-4C00-9C39-54F56992E8A1}.Release|Any CPU.Build.0 = Release|Any CPU
		{C27334D3-CEE3-4886-94ED-2C8C1F2F7CBE}.Debug|Any CPU.ActiveCfg = Debug|Any CPU
		{C27334D3-CEE3-4886-94ED-2C8C1F2F7CBE}.Debug|Any CPU.Build.0 = Debug|Any CPU
		{C27334D3-CEE3-4886-94ED-2C8C1F2F7CBE}.Release|Any CPU.ActiveCfg = Release|Any CPU
		{C27334D3-CEE3-4886-94ED-2C8C1F2F7CBE}.Release|Any CPU.Build.0 = Release|Any CPU
		{FF12FC3D-B020-46C6-90DD-BF9020F5F828}.Debug|Any CPU.ActiveCfg = Debug|Any CPU
		{FF12FC3D-B020-46C6-90DD-BF9020F5F828}.Debug|Any CPU.Build.0 = Debug|Any CPU
		{FF12FC3D-B020-46C6-90DD-BF9020F5F828}.Release|Any CPU.ActiveCfg = Release|Any CPU
		{FF12FC3D-B020-46C6-90DD-BF9020F5F828}.Release|Any CPU.Build.0 = Release|Any CPU
	EndGlobalSection
	GlobalSection(SolutionProperties) = preSolution
		HideSolutionNode = FALSE
	EndGlobalSection
	GlobalSection(NestedProjects) = preSolution
		{FF12FC3D-B020-46C6-90DD-BF9020F5F828} = {0C345437-4369-4E0C-8303-9069510515E3}
	EndGlobalSection
	GlobalSection(ExtensibilityGlobals) = postSolution
		SolutionGuid = {877BBA88-D4AB-434A-8B43-7689EA0D80D8}
	EndGlobalSection
EndGlobal
